// !$*UTF8*$!
{
	archiveVersion = 1;
	classes = {
	};
	objectVersion = 50;
	objects = {

/* Begin PBXBuildFile section */
		719CA69721D36E07001D94DA /* AppDelegate.swift in Sources */ = {isa = PBXBuildFile; fileRef = 719CA69621D36E07001D94DA /* AppDelegate.swift */; };
		719CA69921D36E07001D94DA /* BreathViewController.swift in Sources */ = {isa = PBXBuildFile; fileRef = 719CA69821D36E07001D94DA /* BreathViewController.swift */; };
		719CA69E21D36E08001D94DA /* Assets.xcassets in Resources */ = {isa = PBXBuildFile; fileRef = 719CA69D21D36E08001D94DA /* Assets.xcassets */; };
		719CA6A121D36E08001D94DA /* LaunchScreen.storyboard in Resources */ = {isa = PBXBuildFile; fileRef = 719CA69F21D36E08001D94DA /* LaunchScreen.storyboard */; };
		719CA6AC21D45C47001D94DA /* BreathAnimator.swift in Sources */ = {isa = PBXBuildFile; fileRef = 719CA6AB21D45C47001D94DA /* BreathAnimator.swift */; };
		719CA6AE21D45C73001D94DA /* BreathLayerGenerator.swift in Sources */ = {isa = PBXBuildFile; fileRef = 719CA6AD21D45C73001D94DA /* BreathLayerGenerator.swift */; };
/* End PBXBuildFile section */

/* Begin PBXFileReference section */
		719CA69321D36E07001D94DA /* BreathAnimation.app */ = {isa = PBXFileReference; explicitFileType = wrapper.application; includeInIndex = 0; path = BreathAnimation.app; sourceTree = BUILT_PRODUCTS_DIR; };
		719CA69621D36E07001D94DA /* AppDelegate.swift */ = {isa = PBXFileReference; lastKnownFileType = sourcecode.swift; path = AppDelegate.swift; sourceTree = "<group>"; };
		719CA69821D36E07001D94DA /* BreathViewController.swift */ = {isa = PBXFileReference; lastKnownFileType = sourcecode.swift; path = BreathViewController.swift; sourceTree = "<group>"; };
		719CA69D21D36E08001D94DA /* Assets.xcassets */ = {isa = PBXFileReference; lastKnownFileType = folder.assetcatalog; path = Assets.xcassets; sourceTree = "<group>"; };
		719CA6A021D36E08001D94DA /* Base */ = {isa = PBXFileReference; lastKnownFileType = file.storyboard; name = Base; path = Base.lproj/LaunchScreen.storyboard; sourceTree = "<group>"; };
		719CA6A221D36E08001D94DA /* Info.plist */ = {isa = PBXFileReference; lastKnownFileType = text.plist.xml; path = Info.plist; sourceTree = "<group>"; };
		719CA6AB21D45C47001D94DA /* BreathAnimator.swift */ = {isa = PBXFileReference; lastKnownFileType = sourcecode.swift; path = BreathAnimator.swift; sourceTree = "<group>"; };
		719CA6AD21D45C73001D94DA /* BreathLayerGenerator.swift */ = {isa = PBXFileReference; lastKnownFileType = sourcecode.swift; path = BreathLayerGenerator.swift; sourceTree = "<group>"; };
/* End PBXFileReference section */

/* Begin PBXFrameworksBuildPhase section */
		719CA69021D36E07001D94DA /* Frameworks */ = {
			isa = PBXFrameworksBuildPhase;
			buildActionMask = 2147483647;
			files = (
			);
			runOnlyForDeploymentPostprocessing = 0;
		};
/* End PBXFrameworksBuildPhase section */

/* Begin PBXGroup section */
		719CA68A21D36E06001D94DA = {
			isa = PBXGroup;
			children = (
				719CA69521D36E07001D94DA /* BreathAnimation */,
				719CA69421D36E07001D94DA /* Products */,
			);
			sourceTree = "<group>";
		};
		719CA69421D36E07001D94DA /* Products */ = {
			isa = PBXGroup;
			children = (
				719CA69321D36E07001D94DA /* BreathAnimation.app */,
			);
			name = Products;
			sourceTree = "<group>";
		};
		719CA69521D36E07001D94DA /* BreathAnimation */ = {
			isa = PBXGroup;
			children = (
				719CA6AA21D45C25001D94DA /* Application */,
				719CA69821D36E07001D94DA /* BreathViewController.swift */,
				719CA6AB21D45C47001D94DA /* BreathAnimator.swift */,
				719CA6AD21D45C73001D94DA /* BreathLayerGenerator.swift */,
			);
			path = BreathAnimation;
			sourceTree = "<group>";
		};
		719CA6AA21D45C25001D94DA /* Application */ = {
			isa = PBXGroup;
			children = (
				719CA69D21D36E08001D94DA /* Assets.xcassets */,
				719CA69F21D36E08001D94DA /* LaunchScreen.storyboard */,
				719CA6A221D36E08001D94DA /* Info.plist */,
				719CA69621D36E07001D94DA /* AppDelegate.swift */,
			);
			path = Application;
			sourceTree = "<group>";
		};
/* End PBXGroup section */

/* Begin PBXNativeTarget section */
		719CA69221D36E07001D94DA /* BreathAnimation */ = {
			isa = PBXNativeTarget;
			buildConfigurationList = 719CA6A521D36E08001D94DA /* Build configuration list for PBXNativeTarget "BreathAnimation" */;
			buildPhases = (
				719CA68F21D36E07001D94DA /* Sources */,
				719CA69021D36E07001D94DA /* Frameworks */,
				719CA69121D36E07001D94DA /* Resources */,
			);
			buildRules = (
			);
			dependencies = (
			);
			name = BreathAnimation;
			productName = BreathAnimation;
			productReference = 719CA69321D36E07001D94DA /* BreathAnimation.app */;
			productType = "com.apple.product-type.application";
		};
/* End PBXNativeTarget section */

/* Begin PBXProject section */
		719CA68B21D36E06001D94DA /* Project object */ = {
			isa = PBXProject;
			attributes = {
				LastSwiftUpdateCheck = 1010;
				LastUpgradeCheck = 1010;
				ORGANIZATIONNAME = iOSCookBookChannel;
				TargetAttributes = {
					719CA69221D36E07001D94DA = {
						CreatedOnToolsVersion = 10.1;
					};
				};
			};
			buildConfigurationList = 719CA68E21D36E06001D94DA /* Build configuration list for PBXProject "BreathAnimation" */;
			compatibilityVersion = "Xcode 9.3";
			developmentRegion = en;
			hasScannedForEncodings = 0;
			knownRegions = (
				en,
				Base,
			);
			mainGroup = 719CA68A21D36E06001D94DA;
			productRefGroup = 719CA69421D36E07001D94DA /* Products */;
			projectDirPath = "";
			projectRoot = "";
			targets = (
				719CA69221D36E07001D94DA /* BreathAnimation */,
			);
		};
/* End PBXProject section */

/* Begin PBXResourcesBuildPhase section */
		719CA69121D36E07001D94DA /* Resources */ = {
			isa = PBXResourcesBuildPhase;
			buildActionMask = 2147483647;
			files = (
				719CA6A121D36E08001D94DA /* LaunchScreen.storyboard in Resources */,
				719CA69E21D36E08001D94DA /* Assets.xcassets in Resources */,
			);
			runOnlyForDeploymentPostprocessing = 0;
		};
/* End PBXResourcesBuildPhase section */

/* Begin PBXSourcesBuildPhase section */
		719CA68F21D36E07001D94DA /* Sources */ = {
			isa = PBXSourcesBuildPhase;
			buildActionMask = 2147483647;
			files = (
				719CA69921D36E07001D94DA /* BreathViewController.swift in Sources */,
				719CA69721D36E07001D94DA /* AppDelegate.swift in Sources */,
				719CA6AC21D45C47001D94DA /* BreathAnimator.swift in Sources */,
				719CA6AE21D45C73001D94DA /* BreathLayerGenerator.swift in Sources */,
			);
			runOnlyForDeploymentPostprocessing = 0;
		};
/* End PBXSourcesBuildPhase section */

/* Begin PBXVariantGroup section */
		719CA69F21D36E08001D94DA /* LaunchScreen.storyboard */ = {
			isa = PBXVariantGroup;
			children = (
				719CA6A021D36E08001D94DA /* Base */,
			);
			name = LaunchScreen.storyboard;
			sourceTree = "<group>";
		};
/* End PBXVariantGroup section */

/* Begin XCBuildConfiguration section */
		719CA6A321D36E08001D94DA /* Debug */ = {
			isa = XCBuildConfiguration;
			buildSettings = {
				ALWAYS_SEARCH_USER_PATHS = NO;
				CLANG_ANALYZER_NONNULL = YES;
				CLANG_ANALYZER_NUMBER_OBJECT_CONVERSION = YES_AGGRESSIVE;
				CLANG_CXX_LANGUAGE_STANDARD = "gnu++14";
				CLANG_CXX_LIBRARY = "libc++";
				CLANG_ENABLE_MODULES = YES;
				CLANG_ENABLE_OBJC_ARC = YES;
				CLANG_ENABLE_OBJC_WEAK = YES;
				CLANG_WARN_BLOCK_CAPTURE_AUTORELEASING = YES;
				CLANG_WARN_BOOL_CONVERSION = YES;
				CLANG_WARN_COMMA = YES;
				CLANG_WARN_CONSTANT_CONVERSION = YES;
				CLANG_WARN_DEPRECATED_OBJC_IMPLEMENTATIONS = YES;
				CLANG_WARN_DIRECT_OBJC_ISA_USAGE = YES_ERROR;
				CLANG_WARN_DOCUMENTATION_COMMENTS = YES;
				CLANG_WARN_EMPTY_BODY = YES;
				CLANG_WARN_ENUM_CONVERSION = YES;
				CLANG_WARN_INFINITE_RECURSION = YES;
				CLANG_WARN_INT_CONVERSION = YES;
				CLANG_WARN_NON_LITERAL_NULL_CONVERSION = YES;
				CLANG_WARN_OBJC_IMPLICIT_RETAIN_SELF = YES;
				CLANG_WARN_OBJC_LITERAL_CONVERSION = YES;
				CLANG_WARN_OBJC_ROOT_CLASS = YES_ERROR;
				CLANG_WARN_RANGE_LOOP_ANALYSIS = YES;
				CLANG_WARN_STRICT_PROTOTYPES = YES;
				CLANG_WARN_SUSPICIOUS_MOVE = YES;
				CLANG_WARN_UNGUARDED_AVAILABILITY = YES_AGGRESSIVE;
				CLANG_WARN_UNREACHABLE_CODE = YES;
				CLANG_WARN__DUPLICATE_METHOD_MATCH = YES;
				CODE_SIGN_IDENTITY = "iPhone Developer";
				COPY_PHASE_STRIP = NO;
				DEBUG_INFORMATION_FORMAT = dwarf;
				ENABLE_STRICT_OBJC_MSGSEND = YES;
				ENABLE_TESTABILITY = YES;
				GCC_C_LANGUAGE_STANDARD = gnu11;
				GCC_DYNAMIC_NO_PIC = NO;
				GCC_NO_COMMON_BLOCKS = YES;
				GCC_OPTIMIZATION_LEVEL = 0;
				GCC_PREPROCESSOR_DEFINITIONS = (
					"DEBUG=1",
					"$(inherited)",
				);
				GCC_WARN_64_TO_32_BIT_CONVERSION = YES;
				GCC_WARN_ABOUT_RETURN_TYPE = YES_ERROR;
				GCC_WARN_UNDECLARED_SELECTOR = YES;
				GCC_WARN_UNINITIALIZED_AUTOS = YES_AGGRESSIVE;
				GCC_WARN_UNUSED_FUNCTION = YES;
				GCC_WARN_UNUSED_VARIABLE = YES;
				IPHONEOS_DEPLOYMENT_TARGET = 12.1;
				MTL_ENABLE_DEBUG_INFO = INCLUDE_SOURCE;
				MTL_FAST_MATH = YES;
				ONLY_ACTIVE_ARCH = YES;
				SDKROOT = iphoneos;
				SWIFT_ACTIVE_COMPILATION_CONDITIONS = DEBUG;
				SWIFT_OPTIMIZATION_LEVEL = "-Onone";
			};
			name = Debug;
		};
		719CA6A421D36E08001D94DA /* Release */ = {
			isa = XCBuildConfiguration;
			buildSettings = {
				ALWAYS_SEARCH_USER_PATHS = NO;
				CLANG_ANALYZER_NONNULL = YES;
				CLANG_ANALYZER_NUMBER_OBJECT_CONVERSION = YES_AGGRESSIVE;
				CLANG_CXX_LANGUAGE_STANDARD = "gnu++14";
				CLANG_CXX_LIBRARY = "libc++";
				CLANG_ENABLE_MODULES = YES;
				CLANG_ENABLE_OBJC_ARC = YES;
				CLANG_ENABLE_OBJC_WEAK = YES;
				CLANG_WARN_BLOCK_CAPTURE_AUTORELEASING = YES;
				CLANG_WARN_BOOL_CONVERSION = YES;
				CLANG_WARN_COMMA = YES;
				CLANG_WARN_CONSTANT_CONVERSION = YES;
				CLANG_WARN_DEPRECATED_OBJC_IMPLEMENTATIONS = YES;
				CLANG_WARN_DIRECT_OBJC_ISA_USAGE = YES_ERROR;
				CLANG_WARN_DOCUMENTATION_COMMENTS = YES;
				CLANG_WARN_EMPTY_BODY = YES;
				CLANG_WARN_ENUM_CONVERSION = YES;
				CLANG_WARN_INFINITE_RECURSION = YES;
				CLANG_WARN_INT_CONVERSION = YES;
				CLANG_WARN_NON_LITERAL_NULL_CONVERSION = YES;
				CLANG_WARN_OBJC_IMPLICIT_RETAIN_SELF = YES;
				CLANG_WARN_OBJC_LITERAL_CONVERSION = YES;
				CLANG_WARN_OBJC_ROOT_CLASS = YES_ERROR;
				CLANG_WARN_RANGE_LOOP_ANALYSIS = YES;
				CLANG_WARN_STRICT_PROTOTYPES = YES;
				CLANG_WARN_SUSPICIOUS_MOVE = YES;
				CLANG_WARN_UNGUARDED_AVAILABILITY = YES_AGGRESSIVE;
				CLANG_WARN_UNREACHABLE_CODE = YES;
				CLANG_WARN__DUPLICATE_METHOD_MATCH = YES;
				CODE_SIGN_IDENTITY = "iPhone Developer";
				COPY_PHASE_STRIP = NO;
				DEBUG_INFORMATION_FORMAT = "dwarf-with-dsym";
				ENABLE_NS_ASSERTIONS = NO;
				ENABLE_STRICT_OBJC_MSGSEND = YES;
				GCC_C_LANGUAGE_STANDARD = gnu11;
				GCC_NO_COMMON_BLOCKS = YES;
				GCC_WARN_64_TO_32_BIT_CONVERSION = YES;
				GCC_WARN_ABOUT_RETURN_TYPE = YES_ERROR;
				GCC_WARN_UNDECLARED_SELECTOR = YES;
				GCC_WARN_UNINITIALIZED_AUTOS = YES_AGGRESSIVE;
				GCC_WARN_UNUSED_FUNCTION = YES;
				GCC_WARN_UNUSED_VARIABLE = YES;
				IPHONEOS_DEPLOYMENT_TARGET = 12.1;
				MTL_ENABLE_DEBUG_INFO = NO;
				MTL_FAST_MATH = YES;
				SDKROOT = iphoneos;
				SWIFT_COMPILATION_MODE = wholemodule;
				SWIFT_OPTIMIZATION_LEVEL = "-O";
				VALIDATE_PRODUCT = YES;
			};
			name = Release;
		};
		719CA6A621D36E08001D94DA /* Debug */ = {
			isa = XCBuildConfiguration;
			buildSettings = {
				ASSETCATALOG_COMPILER_APPICON_NAME = AppIcon;
				CODE_SIGN_STYLE = Automatic;
				INFOPLIST_FILE = "$(SRCROOT)/BreathAnimation/Application/Info.plist";
				IPHONEOS_DEPLOYMENT_TARGET = 11.0;
				LD_RUNPATH_SEARCH_PATHS = (
					"$(inherited)",
					"@executable_path/Frameworks",
				);
				PRODUCT_BUNDLE_IDENTIFIER = VictorMagalhaes.BreathAnimation;
				PRODUCT_NAME = "$(TARGET_NAME)";
				SWIFT_VERSION = 4.2;
				TARGETED_DEVICE_FAMILY = "1,2";
			};
			name = Debug;
		};
		719CA6A721D36E08001D94DA /* Release */ = {
			isa = XCBuildConfiguration;
			buildSettings = {
				ASSETCATALOG_COMPILER_APPICON_NAME = AppIcon;
				CODE_SIGN_STYLE = Automatic;
				INFOPLIST_FILE = "$(SRCROOT)/BreathAnimation/Application/Info.plist";
				IPHONEOS_DEPLOYMENT_TARGET = 11.0;
				LD_RUNPATH_SEARCH_PATHS = (
					"$(inherited)",
					"@executable_path/Frameworks",
				);
				PRODUCT_BUNDLE_IDENTIFIER = VictorMagalhaes.BreathAnimation;
				PRODUCT_NAME = "$(TARGET_NAME)";
				SWIFT_VERSION = 4.2;
				TARGETED_DEVICE_FAMILY = "1,2";
			};
			name = Release;
		};
/* End XCBuildConfiguration section */

/* Begin XCConfigurationList section */
		719CA68E21D36E06001D94DA /* Build configuration list for PBXProject "BreathAnimation" */ = {
			isa = XCConfigurationList;
			buildConfigurations = (
				719CA6A321D36E08001D94DA /* Debug */,
				719CA6A421D36E08001D94DA /* Release */,
			);
			defaultConfigurationIsVisible = 0;
			defaultConfigurationName = Release;
		};
		719CA6A521D36E08001D94DA /* Build configuration list for PBXNativeTarget "BreathAnimation" */ = {
			isa = XCConfigurationList;
			buildConfigurations = (
				719CA6A621D36E08001D94DA /* Debug */,
				719CA6A721D36E08001D94DA /* Release */,
			);
			defaultConfigurationIsVisible = 0;
			defaultConfigurationName = Release;
		};
/* End XCConfigurationList section */
	};
	rootObject = 719CA68B21D36E06001D94DA /* Project object */;
}
